
Microsoft Visual Studio Solution File, Format Version 12.00
# Visual Studio Version 17
VisualStudioVersion = 17.1.32407.343
MinimumVisualStudioVersion = 10.0.40219.1
Project("{9A19103F-16F7-4668-BE54-9A1E7A4F7556}") = "RoboRun.View", "RoboRun.View\RoboRun.View.csproj", "{70C433C7-9DA6-41B5-BFA7-3AD4B465C82C}"
EndProject
Project("{9A19103F-16F7-4668-BE54-9A1E7A4F7556}") = "RoboRun.Model", "..\..\RoboRun\RoboRun\RoboRun.Model\RoboRun.Model.csproj", "{73554C83-09F2-40BA-BAA1-AAE315DAA6C3}"
EndProject
Project("{9A19103F-16F7-4668-BE54-9A1E7A4F7556}") = "RoboRun.Persistence", "..\..\RoboRun\RoboRun\RoboRun.Persistence\RoboRun.Persistence.csproj", "{A26A7ADD-8F94-4709-BCE7-0D0210F6969C}"
EndProject
Project("{9A19103F-16F7-4668-BE54-9A1E7A4F7556}") = "RoboRun.ViewModel", "RoboRun.ViewModel\RoboRun.ViewModel.csproj", "{5A433CFD-5AC4-413E-8870-8B41C0E77168}"
EndProject
Project("{9A19103F-16F7-4668-BE54-9A1E7A4F7556}") = "RoboRunTest", "..\..\RoboRun\RoboRun\RoboRunTest\RoboRunTest.csproj", "{3DB90BCA-CA7C-4CCD-8250-61D7C04B44F5}"
EndProject
Global
	GlobalSection(SolutionConfigurationPlatforms) = preSolution
		Debug|Any CPU = Debug|Any CPU
		Release|Any CPU = Release|Any CPU
	EndGlobalSection
	GlobalSection(ProjectConfigurationPlatforms) = postSolution
		{70C433C7-9DA6-41B5-BFA7-3AD4B465C82C}.Debug|Any CPU.ActiveCfg = Debug|Any CPU
		{70C433C7-9DA6-41B5-BFA7-3AD4B465C82C}.Debug|Any CPU.Build.0 = Debug|Any CPU
		{70C433C7-9DA6-41B5-BFA7-3AD4B465C82C}.Release|Any CPU.ActiveCfg = Release|Any CPU
		{70C433C7-9DA6-41B5-BFA7-3AD4B465C82C}.Release|Any CPU.Build.0 = Release|Any CPU
		{73554C83-09F2-40BA-BAA1-AAE315DAA6C3}.Debug|Any CPU.ActiveCfg = Debug|Any CPU
		{73554C83-09F2-40BA-BAA1-AAE315DAA6C3}.Debug|Any CPU.Build.0 = Debug|Any CPU
		{73554C83-09F2-40BA-BAA1-AAE315DAA6C3}.Release|Any CPU.ActiveCfg = Release|Any CPU
		{73554C83-09F2-40BA-BAA1-AAE315DAA6C3}.Release|Any CPU.Build.0 = Release|Any CPU
		{A26A7ADD-8F94-4709-BCE7-0D0210F6969C}.Debug|Any CPU.ActiveCfg = Debug|Any CPU
		{A26A7ADD-8F94-4709-BCE7-0D0210F6969C}.Debug|Any CPU.Build.0 = Debug|Any CPU
		{A26A7ADD-8F94-4709-BCE7-0D0210F6969C}.Release|Any CPU.ActiveCfg = Release|Any CPU
		{A26A7ADD-8F94-4709-BCE7-0D0210F6969C}.Release|Any CPU.Build.0 = Release|Any CPU
		{5A433CFD-5AC4-413E-8870-8B41C0E77168}.Debug|Any CPU.ActiveCfg = Debug|Any CPU
		{5A433CFD-5AC4-413E-8870-8B41C0E77168}.Debug|Any CPU.Build.0 = Debug|Any CPU
		{5A433CFD-5AC4-413E-8870-8B41C0E77168}.Release|Any CPU.ActiveCfg = Release|Any CPU
		{5A433CFD-5AC4-413E-8870-8B41C0E77168}.Release|Any CPU.Build.0 = Release|Any CPU
		{3DB90BCA-CA7C-4CCD-8250-61D7C04B44F5}.Debug|Any CPU.ActiveCfg = Debug|Any CPU
		{3DB90BCA-CA7C-4CCD-8250-61D7C04B44F5}.Debug|Any CPU.Build.0 = Debug|Any CPU
		{3DB90BCA-CA7C-4CCD-8250-61D7C04B44F5}.Release|Any CPU.ActiveCfg = Release|Any CPU
		{3DB90BCA-CA7C-4CCD-8250-61D7C04B44F5}.Release|Any CPU.Build.0 = Release|Any CPU
	EndGlobalSection
	GlobalSection(SolutionProperties) = preSolution
		HideSolutionNode = FALSE
	EndGlobalSection
	GlobalSection(ExtensibilityGlobals) = postSolution
		SolutionGuid = {09E1E6B9-4FC5-4FEA-8D2A-B3566AAE52B7}
	EndGlobalSection
EndGlobal
